<Solution>
  <Folder Name="/src/">
    <Project Path="src/Atrium.Abstractions/Atrium.Abstractions.csproj" />
    <Project Path="src/Atrium.Contracts/Atrium.Contracts.csproj" />
    <Project Path="src/Atrium.Design/Atrium.Design.csproj" />
    <Project Path="src/Atrium.Gateway/Atrium.Gateway.csproj" />
    <Project Path="src/Atrium.Modules.Admin/Atrium.Modules.Admin.csproj" />
    <Project Path="src/Atrium.Modules.Reports/Atrium.Modules.Reports.csproj" />
    <Project Path="src/Atrium.Modules.Storefront/Atrium.Modules.Storefront.csproj" />
    <Project Path="src/Atrium.Portal/Atrium.Portal.csproj" />
    <Project Path="src/Atrium.Services.Catalog/Atrium.Services.Catalog.csproj" />
    <Project Path="src/Atrium.Services.Storefront/Atrium.Services.Storefront.csproj" />
  </Folder>
  <Folder Name="/tests/">
    <Project Path="tests/Atrium.IntegrationTests/Atrium.IntegrationTests.csproj" />
    <Project Path="tests/Atrium.UnitTests/Atrium.UnitTests.csproj" />
  </Folder>
</Solution>
